
Microsoft Visual Studio Solution File, Format Version 12.00
# Visual Studio Version 17
VisualStudioVersion = 17.5.002.0
MinimumVisualStudioVersion = 10.0.40219.1
Project("{9A19103F-16F7-4668-BE54-9A1E7A4F7556}") = "DecoratorPattern", "DecoratorPattern.csproj", "{9D333CBE-5989-4738-8674-4561DB6DE13A}"
EndProject
Global
	GlobalSection(SolutionConfigurationPlatforms) = preSolution
		Debug|Any CPU = Debug|Any CPU
		Release|Any CPU = Release|Any CPU
	EndGlobalSection
	GlobalSection(ProjectConfigurationPlatforms) = postSolution
		{9D333CBE-5989-4738-8674-4561DB6DE13A}.Debug|Any CPU.ActiveCfg = Debug|Any CPU
		{9D333CBE-5989-4738-8674-4561DB6DE13A}.Debug|Any CPU.Build.0 = Debug|Any CPU
		{9D333CBE-5989-4738-8674-4561DB6DE13A}.Release|Any CPU.ActiveCfg = Release|Any CPU
		{9D333CBE-5989-4738-8674-4561DB6DE13A}.Release|Any CPU.Build.0 = Release|Any CPU
	EndGlobalSection
	GlobalSection(SolutionProperties) = preSolution
		HideSolutionNode = FALSE
	EndGlobalSection
	GlobalSection(ExtensibilityGlobals) = postSolution
		SolutionGuid = {F1F22723-2771-4FE6-AFDC-24C1D9BBBC8A}
	EndGlobalSection
EndGlobal
